# @generated - this file is auto-generated by `mise lock` https://mise.jdx.dev/dev-tools/mise-lock.html

[[tools.cosign]]
version = "3.1.3"
backend = "aqua:sigstore/cosign"

[tools.cosign."platforms.linux-arm64"]
checksum = "sha256:c5d324e091826b0d7a78eb16fef316450b4eb9aaec045611c08ba06f5e73220a"
url = "https://github.com/sigstore/cosign/releases/download/v3.1.3/cosign-linux-arm64"
url_api = "https://api.github.com/repos/sigstore/cosign/releases/assets/503286299"
provenance = "cosign"

[tools.cosign."platforms.linux-arm64-musl"]
checksum = "sha256:c5d324e091826b0d7a78eb16fef316450b4eb9aaec045611c08ba06f5e73220a"
url = "https://github.com/sigstore/cosign/releases/download/v3.1.3/cosign-linux-arm64"
url_api = "https://api.github.com/repos/sigstore/cosign/releases/assets/503286299"
provenance = "cosign"

[tools.cosign."platforms.linux-x64"]
checksum = "sha256:4629c757b7618056f8ddd7e2625ae9fdd94c0372a65049520bc7d9df9efc7f71"
url = "https://github.com/sigstore/cosign/releases/download/v3.1.3/cosign-linux-amd64"
url_api = "https://api.github.com/repos/sigstore/cosign/releases/assets/503286005"
provenance = "cosign"

[tools.cosign."platforms.linux-x64-musl"]
checksum = "sha256:4629c757b7618056f8ddd7e2625ae9fdd94c0372a65049520bc7d9df9efc7f71"
url = "https://github.com/sigstore/cosign/releases/download/v3.1.3/cosign-linux-amd64"
url_api = "https://api.github.com/repos/sigstore/cosign/releases/assets/503286005"
provenance = "cosign"

[tools.cosign."platforms.macos-arm64"]
checksum = "sha256:5cf948c2f4dfe59687bdd0b8523709067383e03982cc543475c8a7dc70e92a76"
url = "https://github.com/sigstore/cosign/releases/download/v3.1.3/cosign-darwin-arm64"
url_api = "https://api.github.com/repos/sigstore/cosign/releases/assets/503286205"
provenance = "cosign"

[tools.cosign."platforms.macos-x64"]
checksum = "sha256:2347488e5d5b25336644024dfeca5601b190e91197a71a917bda44744aff106c"
url = "https://github.com/sigstore/cosign/releases/download/v3.1.3/cosign-darwin-amd64"
url_api = "https://api.github.com/repos/sigstore/cosign/releases/assets/503286177"
provenance = "cosign"

[tools.cosign."platforms.windows-x64"]
checksum = "sha256:9fe59be0eca1271873ce019061335eb1ac419b7059202e797828467ddabe33be"
url = "https://github.com/sigstore/cosign/releases/download/v3.1.3/cosign-windows-amd64.exe"
url_api = "https://api.github.com/repos/sigstore/cosign/releases/assets/503286236"
provenance = "cosign"

[[tools.dive]]
version = "0.13.1"
backend = "aqua:wagoodman/dive"

[tools.dive."platforms.linux-arm64"]
checksum = "sha256:2fcd2cf20f634ccdb41efac44048b204bfc867c115641f37a7420693ed480a18"
url = "https://github.com/wagoodman/dive/releases/download/v0.13.1/dive_0.13.1_linux_arm64.tar.gz"
url_api = "https://api.github.com/repos/wagoodman/dive/releases/assets/241842459"

[tools.dive."platforms.linux-arm64-musl"]
checksum = "sha256:2fcd2cf20f634ccdb41efac44048b204bfc867c115641f37a7420693ed480a18"
url = "https://github.com/wagoodman/dive/releases/download/v0.13.1/dive_0.13.1_linux_arm64.tar.gz"
url_api = "https://api.github.com/repos/wagoodman/dive/releases/assets/241842459"

[tools.dive."platforms.linux-x64"]
checksum = "sha256:0970549eb4a306f8825a84145a2534153badb4d7dcf3febd1967c706367c3d0e"
url = "https://github.com/wagoodman/dive/releases/download/v0.13.1/dive_0.13.1_linux_amd64.tar.gz"
url_api = "https://api.github.com/repos/wagoodman/dive/releases/assets/241842462"

[tools.dive."platforms.linux-x64-musl"]
checksum = "sha256:0970549eb4a306f8825a84145a2534153badb4d7dcf3febd1967c706367c3d0e"
url = "https://github.com/wagoodman/dive/releases/download/v0.13.1/dive_0.13.1_linux_amd64.tar.gz"
url_api = "https://api.github.com/repos/wagoodman/dive/releases/assets/241842462"

[tools.dive."platforms.macos-arm64"]
checksum = "sha256:38b7fa95a13e7f4d0b3060c875fe7427c2a0613ecff674bb45156eb34bca0b09"
url = "https://github.com/wagoodman/dive/releases/download/v0.13.1/dive_0.13.1_darwin_arm64.tar.gz"
url_api = "https://api.github.com/repos/wagoodman/dive/releases/assets/241842465"

[tools.dive."platforms.macos-x64"]
checksum = "sha256:04e4c1bac21be3aef99799cf0e470149a072ea4786be50718aa846cd13746523"
url = "https://github.com/wagoodman/dive/releases/download/v0.13.1/dive_0.13.1_darwin_amd64.tar.gz"
url_api = "https://api.github.com/repos/wagoodman/dive/releases/assets/241842456"

[tools.dive."platforms.windows-x64"]
checksum = "sha256:3e764ff28c7b89f4da679deac80483249fbbae3a1d512c103d54609eec09086a"
url = "https://github.com/wagoodman/dive/releases/download/v0.13.1/dive_0.13.1_windows_amd64.zip"
url_api = "https://api.github.com/repos/wagoodman/dive/releases/assets/241842460"

[[tools.grype]]
version = "0.117.0"
backend = "aqua:anchore/grype"

[tools.grype."platforms.linux-arm64"]
checksum = "sha256:935f628bdf9331ffdd946931ea5fdb50045d3970ba52670cbeb44a88f127291b"
url = "https://github.com/anchore/grype/releases/download/v0.117.0/grype_0.117.0_linux_arm64.tar.gz"
url_api = "https://api.github.com/repos/anchore/grype/releases/assets/509013291"

[tools.grype."platforms.linux-arm64-musl"]
checksum = "sha256:935f628bdf9331ffdd946931ea5fdb50045d3970ba52670cbeb44a88f127291b"
url = "https://github.com/anchore/grype/releases/download/v0.117.0/grype_0.117.0_linux_arm64.tar.gz"
url_api = "https://api.github.com/repos/anchore/grype/releases/assets/509013291"

[tools.grype."platforms.linux-x64"]
checksum = "sha256:38525dab1e06f162ebaa02f94d82d1f807076b011a44180cf2777edf1a7b9c26"
url = "https://github.com/anchore/grype/releases/download/v0.117.0/grype_0.117.0_linux_amd64.tar.gz"
url_api = "https://api.github.com/repos/anchore/grype/releases/assets/509013292"

[tools.grype."platforms.linux-x64-musl"]
checksum = "sha256:38525dab1e06f162ebaa02f94d82d1f807076b011a44180cf2777edf1a7b9c26"
url = "https://github.com/anchore/grype/releases/download/v0.117.0/grype_0.117.0_linux_amd64.tar.gz"
url_api = "https://api.github.com/repos/anchore/grype/releases/assets/509013292"

[tools.grype."platforms.macos-arm64"]
checksum = "sha256:bfcefa3f3b1690d9c77d847841b32ebd6106ab0e0e32f810924707e704d53584"
url = "https://github.com/anchore/grype/releases/download/v0.117.0/grype_0.117.0_darwin_arm64.tar.gz"
url_api = "https://api.github.com/repos/anchore/grype/releases/assets/509013345"

[tools.grype."platforms.macos-x64"]
checksum = "sha256:312ed375dcda6d8893b4ca5d517371fef1a50062ebb0b0dbe6bdb4ac2fb57c57"
url = "https://github.com/anchore/grype/releases/download/v0.117.0/grype_0.117.0_darwin_amd64.tar.gz"
url_api = "https://api.github.com/repos/anchore/grype/releases/assets/509013346"

[tools.grype."platforms.windows-x64"]
checksum = "sha256:7728ee9c06792e62444bd651274e4dd1e30eec02eee1266bb6c9c9d237d0f0cb"
url = "https://github.com/anchore/grype/releases/download/v0.117.0/grype_0.117.0_windows_amd64.zip"
url_api = "https://api.github.com/repos/anchore/grype/releases/assets/509013347"

[[tools.hadolint]]
version = "2.15.1"
backend = "aqua:hadolint/hadolint"

[tools.hadolint."platforms.linux-arm64"]
checksum = "sha256:f6198ef8090f404dbb771abfee086eb8c48ac177f30da7fd3510aca35b344b5d"
url = "https://github.com/hadolint/hadolint/releases/download/v2.15.1/hadolint-linux-arm64"
url_api = "https://api.github.com/repos/hadolint/hadolint/releases/assets/496546507"
provenance = "github-attestations"

[tools.hadolint."platforms.linux-arm64-musl"]
checksum = "sha256:f6198ef8090f404dbb771abfee086eb8c48ac177f30da7fd3510aca35b344b5d"
url = "https://github.com/hadolint/hadolint/releases/download/v2.15.1/hadolint-linux-arm64"
url_api = "https://api.github.com/repos/hadolint/hadolint/releases/assets/496546507"
provenance = "github-attestations"

[tools.hadolint."platforms.linux-x64"]
checksum = "sha256:c7187db94eeeeca956519a6af171adc31453941a1e777961f6e680f697c8c507"
url = "https://github.com/hadolint/hadolint/releases/download/v2.15.1/hadolint-linux-x86_64"
url_api = "https://api.github.com/repos/hadolint/hadolint/releases/assets/496546506"
provenance = "github-attestations"

[tools.hadolint."platforms.linux-x64-musl"]
checksum = "sha256:c7187db94eeeeca956519a6af171adc31453941a1e777961f6e680f697c8c507"
url = "https://github.com/hadolint/hadolint/releases/download/v2.15.1/hadolint-linux-x86_64"
url_api = "https://api.github.com/repos/hadolint/hadolint/releases/assets/496546506"
provenance = "github-attestations"

[tools.hadolint."platforms.macos-arm64"]
checksum = "sha256:5c09f3213f8e40406abe048233d985eebef336d4a6a20021be47fadb6cf480a2"
url = "https://github.com/hadolint/hadolint/releases/download/v2.15.1/hadolint-macos-arm64"
url_api = "https://api.github.com/repos/hadolint/hadolint/releases/assets/496546505"
provenance = "github-attestations"

[tools.hadolint."platforms.macos-x64"]
checksum = "sha256:ffe9bb18b23d5ed1eae50237aecdbb523d016e96da0bd4e7aa432040acfc3fde"
url = "https://github.com/hadolint/hadolint/releases/download/v2.15.1/hadolint-macos-x86_64"
url_api = "https://api.github.com/repos/hadolint/hadolint/releases/assets/496546509"
provenance = "github-attestations"

[tools.hadolint."platforms.windows-x64"]
checksum = "sha256:01d927294962b5387f9ead4f18679158452be4f17c765ad0bdffe5264b9c7b0a"
url = "https://github.com/hadolint/hadolint/releases/download/v2.15.1/hadolint-windows-x86_64.exe"
url_api = "https://api.github.com/repos/hadolint/hadolint/releases/assets/496546508"
provenance = "github-attestations"

[[tools.kind]]
version = "0.32.0"
backend = "aqua:kubernetes-sigs/kind"

[tools.kind."platforms.linux-arm64"]
checksum = "sha256:b92cd615e97585de8ddade28ed5cd7feb4248d717c233eea5b03c37298900f5d"
url = "https://github.com/kubernetes-sigs/kind/releases/download/v0.32.0/kind-linux-arm64"
url_api = "https://api.github.com/repos/kubernetes-sigs/kind/releases/assets/436442565"

[tools.kind."platforms.linux-arm64-musl"]
checksum = "sha256:b92cd615e97585de8ddade28ed5cd7feb4248d717c233eea5b03c37298900f5d"
url = "https://github.com/kubernetes-sigs/kind/releases/download/v0.32.0/kind-linux-arm64"
url_api = "https://api.github.com/repos/kubernetes-sigs/kind/releases/assets/436442565"

[tools.kind."platforms.linux-x64"]
checksum = "sha256:50030de23cf40a18505f20426f6a8506bedf13c6e509244bd1fa9463721b0f54"
url = "https://github.com/kubernetes-sigs/kind/releases/download/v0.32.0/kind-linux-amd64"
url_api = "https://api.github.com/repos/kubernetes-sigs/kind/releases/assets/436442498"

[tools.kind."platforms.linux-x64-musl"]
checksum = "sha256:50030de23cf40a18505f20426f6a8506bedf13c6e509244bd1fa9463721b0f54"
url = "https://github.com/kubernetes-sigs/kind/releases/download/v0.32.0/kind-linux-amd64"
url_api = "https://api.github.com/repos/kubernetes-sigs/kind/releases/assets/436442498"

[tools.kind."platforms.macos-arm64"]
checksum = "sha256:dca67911095a110c2b5c36e26df6cac860c602033e456c0db47be498cdef1ebb"
url = "https://github.com/kubernetes-sigs/kind/releases/download/v0.32.0/kind-darwin-arm64"
url_api = "https://api.github.com/repos/kubernetes-sigs/kind/releases/assets/436442412"

[tools.kind."platforms.macos-x64"]
checksum = "sha256:295ac6d0d634c9819c9907df45e3017d1f13166bd13c3404c45e79f7faa47498"
url = "https://github.com/kubernetes-sigs/kind/releases/download/v0.32.0/kind-darwin-amd64"
url_api = "https://api.github.com/repos/kubernetes-sigs/kind/releases/assets/436442366"

[tools.kind."platforms.windows-x64"]
checksum = "sha256:0bcb2d1cfedc1912d664014db716937e8a0e843e91c6807b4db2025dbc8989fa"
url = "https://github.com/kubernetes-sigs/kind/releases/download/v0.32.0/kind-windows-amd64"
url_api = "https://api.github.com/repos/kubernetes-sigs/kind/releases/assets/436442633"

[[tools.syft]]
version = "1.51.0"
backend = "aqua:anchore/syft"

[tools.syft."platforms.linux-arm64"]
checksum = "sha256:6c0466811541ea03add5213a60a1562f0851e4c0b0ecfdee1a694a9455285900"
url = "https://github.com/anchore/syft/releases/download/v1.51.0/syft_1.51.0_linux_arm64.tar.gz"
url_api = "https://api.github.com/repos/anchore/syft/releases/assets/508878652"

[tools.syft."platforms.linux-arm64-musl"]
checksum = "sha256:6c0466811541ea03add5213a60a1562f0851e4c0b0ecfdee1a694a9455285900"
url = "https://github.com/anchore/syft/releases/download/v1.51.0/syft_1.51.0_linux_arm64.tar.gz"
url_api = "https://api.github.com/repos/anchore/syft/releases/assets/508878652"

[tools.syft."platforms.linux-x64"]
checksum = "sha256:2a2e837a2c8d59ec9af5472ee22d3b04ee463c4e44476ecf993fd1e5ab6ebc7f"
url = "https://github.com/anchore/syft/releases/download/v1.51.0/syft_1.51.0_linux_amd64.tar.gz"
url_api = "https://api.github.com/repos/anchore/syft/releases/assets/508878656"

[tools.syft."platforms.linux-x64-musl"]
checksum = "sha256:2a2e837a2c8d59ec9af5472ee22d3b04ee463c4e44476ecf993fd1e5ab6ebc7f"
url = "https://github.com/anchore/syft/releases/download/v1.51.0/syft_1.51.0_linux_amd64.tar.gz"
url_api = "https://api.github.com/repos/anchore/syft/releases/assets/508878656"

[tools.syft."platforms.macos-arm64"]
checksum = "sha256:4f37f4c7fefce0a68e4cf71ba3f5f9829a99e65d89b29f7ee41b8c2c10ea8c59"
url = "https://github.com/anchore/syft/releases/download/v1.51.0/syft_1.51.0_darwin_arm64.tar.gz"
url_api = "https://api.github.com/repos/anchore/syft/releases/assets/508878653"

[tools.syft."platforms.macos-x64"]
checksum = "sha256:cddf9a044145caf0a1a3194d00d1dd51a1666f4814f2919cdb4768a0c062ad95"
url = "https://github.com/anchore/syft/releases/download/v1.51.0/syft_1.51.0_darwin_amd64.tar.gz"
url_api = "https://api.github.com/repos/anchore/syft/releases/assets/508878649"

[tools.syft."platforms.windows-x64"]
checksum = "sha256:fc5ffaeffb993576ece9c791da5a688fb2c8969a1479bbfe58583672c64da336"
url = "https://github.com/anchore/syft/releases/download/v1.51.0/syft_1.51.0_windows_amd64.zip"
url_api = "https://api.github.com/repos/anchore/syft/releases/assets/508878657"
